// !$*UTF8*$!
{
	archiveVersion = 1;
	classes = {
	};
	objectVersion = 55;
	objects = {

/* Begin PBXBuildFile section */
		8DDC58F727B2F802003EA2DD /* AppDelegate.swift in Sources */ = {isa = PBXBuildFile; fileRef = 8DDC58F627B2F802003EA2DD /* AppDelegate.swift */; };
		8DDC58F927B2F802003EA2DD /* SceneDelegate.swift in Sources */ = {isa = PBXBuildFile; fileRef = 8DDC58F827B2F802003EA2DD /* SceneDelegate.swift */; };
		8DDC58FB27B2F802003EA2DD /* ViewController.swift in Sources */ = {isa = PBXBuildFile; fileRef = 8DDC58FA27B2F802003EA2DD /* ViewController.swift */; };
		8DDC58FE27B2F802003EA2DD /* Main.storyboard in Resources */ = {isa = PBXBuildFile; fileRef = 8DDC58FC27B2F802003EA2DD /* Main.storyboard */; };
		8DDC590027B2F803003EA2DD /* Assets.xcassets in Resources */ = {isa = PBXBuildFile; fileRef = 8DDC58FF27B2F803003EA2DD /* Assets.xcassets */; };
		8DDC590327B2F803003EA2DD /* LaunchScreen.storyboard in Resources */ = {isa = PBXBuildFile; fileRef = 8DDC590127B2F803003EA2DD /* LaunchScreen.storyboard */; };
		8DDC590E27B2F803003EA2DD /* HackwichTooTests.swift in Sources */ = {isa = PBXBuildFile; fileRef = 8DDC590D27B2F803003EA2DD /* HackwichTooTests.swift */; };
		8DDC591827B2F803003EA2DD /* HackwichTooUITests.swift in Sources */ = {isa = PBXBuildFile; fileRef = 8DDC591727B2F803003EA2DD /* HackwichTooUITests.swift */; };
		8DDC591A27B2F803003EA2DD /* HackwichTooUITestsLaunchTests.swift in Sources */ = {isa = PBXBuildFile; fileRef = 8DDC591927B2F803003EA2DD /* HackwichTooUITestsLaunchTests.swift */; };
/* End PBXBuildFile section */

/* Begin PBXContainerItemProxy section */
		8DDC590A27B2F803003EA2DD /* PBXContainerItemProxy */ = {
			isa = PBXContainerItemProxy;
			containerPortal = 8DDC58EB27B2F802003EA2DD /* Project object */;
			proxyType = 1;
			remoteGlobalIDString = 8DDC58F227B2F802003EA2DD;
			remoteInfo = HackwichToo;
		};
		8DDC591427B2F803003EA2DD /* PBXContainerItemProxy */ = {
			isa = PBXContainerItemProxy;
			containerPortal = 8DDC58EB27B2F802003EA2DD /* Project object */;
			proxyType = 1;
			remoteGlobalIDString = 8DDC58F227B2F802003EA2DD;
			remoteInfo = HackwichToo;
		};
/* End PBXContainerItemProxy section */

/* Begin PBXFileReference section */
		8DDC58F327B2F802003EA2DD /* HackwichToo.app */ = {isa = PBXFileReference; explicitFileType = wrapper.application; includeInIndex = 0; path = HackwichToo.app; sourceTree = BUILT_PRODUCTS_DIR; };
		8DDC58F627B2F802003EA2DD /* AppDelegate.swift */ = {isa = PBXFileReference; lastKnownFileType = sourcecode.swift; path = AppDelegate.swift; sourceTree = "<group>"; };
		8DDC58F827B2F802003EA2DD /* SceneDelegate.swift */ = {isa = PBXFileReference; lastKnownFileType = sourcecode.swift; path = SceneDelegate.swift; sourceTree = "<group>"; };
		8DDC58FA27B2F802003EA2DD /* ViewController.swift */ = {isa = PBXFileReference; lastKnownFileType = sourcecode.swift; path = ViewController.swift; sourceTree = "<group>"; };
		8DDC58FD27B2F802003EA2DD /* Base */ = {isa = PBXFileReference; lastKnownFileType = file.storyboard; name = Base; path = Base.lproj/Main.storyboard; sourceTree = "<group>"; };
		8DDC58FF27B2F803003EA2DD /* Assets.xcassets */ = {isa = PBXFileReference; lastKnownFileType = folder.assetcatalog; path = Assets.xcassets; sourceTree = "<group>"; };
		8DDC590227B2F803003EA2DD /* Base */ = {isa = PBXFileReference; lastKnownFileType = file.storyboard; name = Base; path = Base.lproj/LaunchScreen.storyboard; sourceTree = "<group>"; };
		8DDC590427B2F803003EA2DD /* Info.plist */ = {isa = PBXFileReference; lastKnownFileType = text.plist.xml; path = Info.plist; sourceTree = "<group>"; };
		8DDC590927B2F803003EA2DD /* HackwichTooTests.xctest */ = {isa = PBXFileReference; explicitFileType = wrapper.cfbundle; includeInIndex = 0; path = HackwichTooTests.xctest; sourceTree = BUILT_PRODUCTS_DIR; };
		8DDC590D27B2F803003EA2DD /* HackwichTooTests.swift */ = {isa = PBXFileReference; lastKnownFileType = sourcecode.swift; path = HackwichTooTests.swift; sourceTree = "<group>"; };
		8DDC591327B2F803003EA2DD /* HackwichTooUITests.xctest */ = {isa = PBXFileReference; explicitFileType = wrapper.cfbundle; includeInIndex = 0; path = HackwichTooUITests.xctest; sourceTree = BUILT_PRODUCTS_DIR; };
		8DDC591727B2F803003EA2DD /* HackwichTooUITests.swift */ = {isa = PBXFileReference; lastKnownFileType = sourcecode.swift; path = HackwichTooUITests.swift; sourceTree = "<group>"; };
		8DDC591927B2F803003EA2DD /* HackwichTooUITestsLaunchTests.swift */ = {isa = PBXFileReference; lastKnownFileType = sourcecode.swift; path = HackwichTooUITestsLaunchTests.swift; sourceTree = "<group>"; };
/* End PBXFileReference section */

/* Begin PBXFrameworksBuildPhase section */
		8DDC58F027B2F802003EA2DD /* Frameworks */ = {
			isa = PBXFrameworksBuildPhase;
			buildActionMask = 2147483647;
			files = (
			);
			runOnlyForDeploymentPostprocessing = 0;
		};
		8DDC590627B2F803003EA2DD /* Frameworks */ = {
			isa = PBXFrameworksBuildPhase;
			buildActionMask = 2147483647;
			files = (
			);
			runOnlyForDeploymentPostprocessing = 0;
		};
		8DDC591027B2F803003EA2DD /* Frameworks */ = {
			isa = PBXFrameworksBuildPhase;
			buildActionMask = 2147483647;
			files = (
			);
			runOnlyForDeploymentPostprocessing = 0;
		};
/* End PBXFrameworksBuildPhase section */

/* Begin PBXGroup section */
		8DDC58EA27B2F802003EA2DD = {
			isa = PBXGroup;
			children = (
				8DDC58F527B2F802003EA2DD /* HackwichToo */,
				8DDC590C27B2F803003EA2DD /* HackwichTooTests */,
				8DDC591627B2F803003EA2DD /* HackwichTooUITests */,
				8DDC58F427B2F802003EA2DD /* Products */,
			);
			sourceTree = "<group>";
		};
		8DDC58F427B2F802003EA2DD /* Products */ = {
			isa = PBXGroup;
			children = (
				8DDC58F327B2F802003EA2DD /* HackwichToo.app */,
				8DDC590927B2F803003EA2DD /* HackwichTooTests.xctest */,
				8DDC591327B2F803003EA2DD /* HackwichTooUITests.xctest */,
			);
			name = Products;
			sourceTree = "<group>";
		};
		8DDC58F527B2F802003EA2DD /* HackwichToo */ = {
			isa = PBXGroup;
			children = (
				8DDC58F627B2F802003EA2DD /* AppDelegate.swift */,
				8DDC58F827B2F802003EA2DD /* SceneDelegate.swift */,
				8DDC58FA27B2F802003EA2DD /* ViewController.swift */,
				8DDC58FC27B2F802003EA2DD /* Main.storyboard */,
				8DDC58FF27B2F803003EA2DD /* Assets.xcassets */,
				8DDC590127B2F803003EA2DD /* LaunchScreen.storyboard */,
				8DDC590427B2F803003EA2DD /* Info.plist */,
			);
			path = HackwichToo;
			sourceTree = "<group>";
		};
		8DDC590C27B2F803003EA2DD /* HackwichTooTests */ = {
			isa = PBXGroup;
			children = (
				8DDC590D27B2F803003EA2DD /* HackwichTooTests.swift */,
			);
			path = HackwichTooTests;
			sourceTree = "<group>";
		};
		8DDC591627B2F803003EA2DD /* HackwichTooUITests */ = {
			isa = PBXGroup;
			children = (
				8DDC591727B2F803003EA2DD /* HackwichTooUITests.swift */,
				8DDC591927B2F803003EA2DD /* HackwichTooUITestsLaunchTests.swift */,
			);
			path = HackwichTooUITests;
			sourceTree = "<group>";
		};
/* End PBXGroup section */

/* Begin PBXNativeTarget section */
		8DDC58F227B2F802003EA2DD /* HackwichToo */ = {
			isa = PBXNativeTarget;
			buildConfigurationList = 8DDC591D27B2F803003EA2DD /* Build configuration list for PBXNativeTarget "HackwichToo" */;
			buildPhases = (
				8DDC58EF27B2F802003EA2DD /* Sources */,
				8DDC58F027B2F802003EA2DD /* Frameworks */,
				8DDC58F127B2F802003EA2DD /* Resources */,
			);
			buildRules = (
			);
			dependencies = (
			);
			name = HackwichToo;
			productName = HackwichToo;
			productReference = 8DDC58F327B2F802003EA2DD /* HackwichToo.app */;
			productType = "com.apple.product-type.application";
		};
		8DDC590827B2F803003EA2DD /* HackwichTooTests */ = {
			isa = PBXNativeTarget;
			buildConfigurationList = 8DDC592027B2F803003EA2DD /* Build configuration list for PBXNativeTarget "HackwichTooTests" */;
			buildPhases = (
				8DDC590527B2F803003EA2DD /* Sources */,
				8DDC590627B2F803003EA2DD /* Frameworks */,
				8DDC590727B2F803003EA2DD /* Resources */,
			);
			buildRules = (
			);
			dependencies = (
				8DDC590B27B2F803003EA2DD /* PBXTargetDependency */,
			);
			name = HackwichTooTests;
			productName = HackwichTooTests;
			productReference = 8DDC590927B2F803003EA2DD /* HackwichTooTests.xctest */;
			productType = "com.apple.product-type.bundle.unit-test";
		};
		8DDC591227B2F803003EA2DD /* HackwichTooUITests */ = {
			isa = PBXNativeTarget;
			buildConfigurationList = 8DDC592327B2F803003EA2DD /* Build configuration list for PBXNativeTarget "HackwichTooUITests" */;
			buildPhases = (
				8DDC590F27B2F803003EA2DD /* Sources */,
				8DDC591027B2F803003EA2DD /* Frameworks */,
				8DDC591127B2F803003EA2DD /* Resources */,
			);
			buildRules = (
			);
			dependencies = (
				8DDC591527B2F803003EA2DD /* PBXTargetDependency */,
			);
			name = HackwichTooUITests;
			productName = HackwichTooUITests;
			productReference = 8DDC591327B2F803003EA2DD /* HackwichTooUITests.xctest */;
			productType = "com.apple.product-type.bundle.ui-testing";
		};
/* End PBXNativeTarget section */

/* Begin PBXProject section */
		8DDC58EB27B2F802003EA2DD /* Project object */ = {
			isa = PBXProject;
			attributes = {
				BuildIndependentTargetsInParallel = 1;
				LastSwiftUpdateCheck = 1320;
				LastUpgradeCheck = 1320;
				TargetAttributes = {
					8DDC58F227B2F802003EA2DD = {
						CreatedOnToolsVersion = 13.2.1;
					};
					8DDC590827B2F803003EA2DD = {
						CreatedOnToolsVersion = 13.2.1;
						TestTargetID = 8DDC58F227B2F802003EA2DD;
					};
					8DDC591227B2F803003EA2DD = {
						CreatedOnToolsVersion = 13.2.1;
						TestTargetID = 8DDC58F227B2F802003EA2DD;
					};
				};
			};
			buildConfigurationList = 8DDC58EE27B2F802003EA2DD /* Build configuration list for PBXProject "HackwichToo" */;
			compatibilityVersion = "Xcode 13.0";
			developmentRegion = en;
			hasScannedForEncodings = 0;
			knownRegions = (
				en,
				Base,
			);
			mainGroup = 8DDC58EA27B2F802003EA2DD;
			productRefGroup = 8DDC58F427B2F802003EA2DD /* Products */;
			projectDirPath = "";
			projectRoot = "";
			targets = (
				8DDC58F227B2F802003EA2DD /* HackwichToo */,
				8DDC590827B2F803003EA2DD /* HackwichTooTests */,
				8DDC591227B2F803003EA2DD /* HackwichTooUITests */,
			);
		};
/* End PBXProject section */

/* Begin PBXResourcesBuildPhase section */
		8DDC58F127B2F802003EA2DD /* Resources */ = {
			isa = PBXResourcesBuildPhase;
			buildActionMask = 2147483647;
			files = (
				8DDC590327B2F803003EA2DD /* LaunchScreen.storyboard in Resources */,
				8DDC590027B2F803003EA2DD /* Assets.xcassets in Resources */,
				8DDC58FE27B2F802003EA2DD /* Main.storyboard in Resources */,
			);
			runOnlyForDeploymentPostprocessing = 0;
		};
		8DDC590727B2F803003EA2DD /* Resources */ = {
			isa = PBXResourcesBuildPhase;
			buildActionMask = 2147483647;
			files = (
			);
			runOnlyForDeploymentPostprocessing = 0;
		};
		8DDC591127B2F803003EA2DD /* Resources */ = {
			isa = PBXResourcesBuildPhase;
			buildActionMask = 2147483647;
			files = (
			);
			runOnlyForDeploymentPostprocessing = 0;
		};
/* End PBXResourcesBuildPhase section */

/* Begin PBXSourcesBuildPhase section */
		8DDC58EF27B2F802003EA2DD /* Sources */ = {
			isa = PBXSourcesBuildPhase;
			buildActionMask = 2147483647;
			files = (
				8DDC58FB27B2F802003EA2DD /* ViewController.swift in Sources */,
				8DDC58F727B2F802003EA2DD /* AppDelegate.swift in Sources */,
				8DDC58F927B2F802003EA2DD /* SceneDelegate.swift in Sources */,
			);
			runOnlyForDeploymentPostprocessing = 0;
		};
		8DDC590527B2F803003EA2DD /* Sources */ = {
			isa = PBXSourcesBuildPhase;
			buildActionMask = 2147483647;
			files = (
				8DDC590E27B2F803003EA2DD /* HackwichTooTests.swift in Sources */,
			);
			runOnlyForDeploymentPostprocessing = 0;
		};
		8DDC590F27B2F803003EA2DD /* Sources */ = {
			isa = PBXSourcesBuildPhase;
			buildActionMask = 2147483647;
			files = (
				8DDC591827B2F803003EA2DD /* HackwichTooUITests.swift in Sources */,
				8DDC591A27B2F803003EA2DD /* HackwichTooUITestsLaunchTests.swift in Sources */,
			);
			runOnlyForDeploymentPostprocessing = 0;
		};
/* End PBXSourcesBuildPhase section */

/* Begin PBXTargetDependency section */
		8DDC590B27B2F803003EA2DD /* PBXTargetDependency */ = {
			isa = PBXTargetDependency;
			target = 8DDC58F227B2F802003EA2DD /* HackwichToo */;
			targetProxy = 8DDC590A27B2F803003EA2DD /* PBXContainerItemProxy */;
		};
		8DDC591527B2F803003EA2DD /* PBXTargetDependency */ = {
			isa = PBXTargetDependency;
			target = 8DDC58F227B2F802003EA2DD /* HackwichToo */;
			targetProxy = 8DDC591427B2F803003EA2DD /* PBXContainerItemProxy */;
		};
/* End PBXTargetDependency section */

/* Begin PBXVariantGroup section */
		8DDC58FC27B2F802003EA2DD /* Main.storyboard */ = {
			isa = PBXVariantGroup;
			children = (
				8DDC58FD27B2F802003EA2DD /* Base */,
			);
			name = Main.storyboard;
			sourceTree = "<group>";
		};
		8DDC590127B2F803003EA2DD /* LaunchScreen.storyboard */ = {
			isa = PBXVariantGroup;
			children = (
				8DDC590227B2F803003EA2DD /* Base */,
			);
			name = LaunchScreen.storyboard;
			sourceTree = "<group>";
		};
/* End PBXVariantGroup section */

/* Begin XCBuildConfiguration section */
		8DDC591B27B2F803003EA2DD /* Debug */ = {
			isa = XCBuildConfiguration;
			buildSettings = {
				ALWAYS_SEARCH_USER_PATHS = NO;
				CLANG_ANALYZER_NONNULL = YES;
				CLANG_ANALYZER_NUMBER_OBJECT_CONVERSION = YES_AGGRESSIVE;
				CLANG_CXX_LANGUAGE_STANDARD = "gnu++17";
				CLANG_CXX_LIBRARY = "libc++";
				CLANG_ENABLE_MODULES = YES;
				CLANG_ENABLE_OBJC_ARC = YES;
				CLANG_ENABLE_OBJC_WEAK = YES;
				CLANG_WARN_BLOCK_CAPTURE_AUTORELEASING = YES;
				CLANG_WARN_BOOL_CONVERSION = YES;
				CLANG_WARN_COMMA = YES;
				CLANG_WARN_CONSTANT_CONVERSION = YES;
				CLANG_WARN_DEPRECATED_OBJC_IMPLEMENTATIONS = YES;
				CLANG_WARN_DIRECT_OBJC_ISA_USAGE = YES_ERROR;
				CLANG_WARN_DOCUMENTATION_COMMENTS = YES;
				CLANG_WARN_EMPTY_BODY = YES;
				CLANG_WARN_ENUM_CONVERSION = YES;
				CLANG_WARN_INFINITE_RECURSION = YES;
				CLANG_WARN_INT_CONVERSION = YES;
				CLANG_WARN_NON_LITERAL_NULL_CONVERSION = YES;
				CLANG_WARN_OBJC_IMPLICIT_RETAIN_SELF = YES;
				CLANG_WARN_OBJC_LITERAL_CONVERSION = YES;
				CLANG_WARN_OBJC_ROOT_CLASS = YES_ERROR;
				CLANG_WARN_QUOTED_INCLUDE_IN_FRAMEWORK_HEADER = YES;
				CLANG_WARN_RANGE_LOOP_ANALYSIS = YES;
				CLANG_WARN_STRICT_PROTOTYPES = YES;
				CLANG_WARN_SUSPICIOUS_MOVE = YES;
				CLANG_WARN_UNGUARDED_AVAILABILITY = YES_AGGRESSIVE;
				CLANG_WARN_UNREACHABLE_CODE = YES;
				CLANG_WARN__DUPLICATE_METHOD_MATCH = YES;
				COPY_PHASE_STRIP = NO;
				DEBUG_INFORMATION_FORMAT = dwarf;
				ENABLE_STRICT_OBJC_MSGSEND = YES;
				ENABLE_TESTABILITY = YES;
				GCC_C_LANGUAGE_STANDARD = gnu11;
				GCC_DYNAMIC_NO_PIC = NO;
				GCC_NO_COMMON_BLOCKS = YES;
				GCC_OPTIMIZATION_LEVEL = 0;
				GCC_PREPROCESSOR_DEFINITIONS = (
					"DEBUG=1",
					"$(inherited)",
				);
				GCC_WARN_64_TO_32_BIT_CONVERSION = YES;
				GCC_WARN_ABOUT_RETURN_TYPE = YES_ERROR;
				GCC_WARN_UNDECLARED_SELECTOR = YES;
				GCC_WARN_UNINITIALIZED_AUTOS = YES_AGGRESSIVE;
				GCC_WARN_UNUSED_FUNCTION = YES;
				GCC_WARN_UNUSED_VARIABLE = YES;
				IPHONEOS_DEPLOYMENT_TARGET = 15.2;
				MTL_ENABLE_DEBUG_INFO = INCLUDE_SOURCE;
				MTL_FAST_MATH = YES;
				ONLY_ACTIVE_ARCH = YES;
				SDKROOT = iphoneos;
				SWIFT_ACTIVE_COMPILATION_CONDITIONS = DEBUG;
				SWIFT_OPTIMIZATION_LEVEL = "-Onone";
			};
			name = Debug;
		};
		8DDC591C27B2F803003EA2DD /* Release */ = {
			isa = XCBuildConfiguration;
			buildSettings = {
				ALWAYS_SEARCH_USER_PATHS = NO;
				CLANG_ANALYZER_NONNULL = YES;
				CLANG_ANALYZER_NUMBER_OBJECT_CONVERSION = YES_AGGRESSIVE;
				CLANG_CXX_LANGUAGE_STANDARD = "gnu++17";
				CLANG_CXX_LIBRARY = "libc++";
				CLANG_ENABLE_MODULES = YES;
				CLANG_ENABLE_OBJC_ARC = YES;
				CLANG_ENABLE_OBJC_WEAK = YES;
				CLANG_WARN_BLOCK_CAPTURE_AUTORELEASING = YES;
				CLANG_WARN_BOOL_CONVERSION = YES;
				CLANG_WARN_COMMA = YES;
				CLANG_WARN_CONSTANT_CONVERSION = YES;
				CLANG_WARN_DEPRECATED_OBJC_IMPLEMENTATIONS = YES;
				CLANG_WARN_DIRECT_OBJC_ISA_USAGE = YES_ERROR;
				CLANG_WARN_DOCUMENTATION_COMMENTS = YES;
				CLANG_WARN_EMPTY_BODY = YES;
				CLANG_WARN_ENUM_CONVERSION = YES;
				CLANG_WARN_INFINITE_RECURSION = YES;
				CLANG_WARN_INT_CONVERSION = YES;
				CLANG_WARN_NON_LITERAL_NULL_CONVERSION = YES;
				CLANG_WARN_OBJC_IMPLICIT_RETAIN_SELF = YES;
				CLANG_WARN_OBJC_LITERAL_CONVERSION = YES;
				CLANG_WARN_OBJC_ROOT_CLASS = YES_ERROR;
				CLANG_WARN_QUOTED_INCLUDE_IN_FRAMEWORK_HEADER = YES;
				CLANG_WARN_RANGE_LOOP_ANALYSIS = YES;
				CLANG_WARN_STRICT_PROTOTYPES = YES;
				CLANG_WARN_SUSPICIOUS_MOVE = YES;
				CLANG_WARN_UNGUARDED_AVAILABILITY = YES_AGGRESSIVE;
				CLANG_WARN_UNREACHABLE_CODE = YES;
				CLANG_WARN__DUPLICATE_METHOD_MATCH = YES;
				COPY_PHASE_STRIP = NO;
				DEBUG_INFORMATION_FORMAT = "dwarf-with-dsym";
				ENABLE_NS_ASSERTIONS = NO;
				ENABLE_STRICT_OBJC_MSGSEND = YES;
				GCC_C_LANGUAGE_STANDARD = gnu11;
				GCC_NO_COMMON_BLOCKS = YES;
				GCC_WARN_64_TO_32_BIT_CONVERSION = YES;
				GCC_WARN_ABOUT_RETURN_TYPE = YES_ERROR;
				GCC_WARN_UNDECLARED_SELECTOR = YES;
				GCC_WARN_UNINITIALIZED_AUTOS = YES_AGGRESSIVE;
				GCC_WARN_UNUSED_FUNCTION = YES;
				GCC_WARN_UNUSED_VARIABLE = YES;
				IPHONEOS_DEPLOYMENT_TARGET = 15.2;
				MTL_ENABLE_DEBUG_INFO = NO;
				MTL_FAST_MATH = YES;
				SDKROOT = iphoneos;
				SWIFT_COMPILATION_MODE = wholemodule;
				SWIFT_OPTIMIZATION_LEVEL = "-O";
				VALIDATE_PRODUCT = YES;
			};
			name = Release;
		};
		8DDC591E27B2F803003EA2DD /* Debug */ = {
			isa = XCBuildConfiguration;
			buildSettings = {
				ASSETCATALOG_COMPILER_APPICON_NAME = AppIcon;
				ASSETCATALOG_COMPILER_GLOBAL_ACCENT_COLOR_NAME = AccentColor;
				CODE_SIGN_STYLE = Automatic;
				CURRENT_PROJECT_VERSION = 1;
				DEVELOPMENT_TEAM = WDPH94QX78;
				GENERATE_INFOPLIST_FILE = YES;
				INFOPLIST_FILE = HackwichToo/Info.plist;
				INFOPLIST_KEY_UIApplicationSupportsIndirectInputEvents = YES;
				INFOPLIST_KEY_UILaunchStoryboardName = LaunchScreen;
				INFOPLIST_KEY_UIMainStoryboardFile = Main;
				INFOPLIST_KEY_UISupportedInterfaceOrientations_iPad = "UIInterfaceOrientationPortrait UIInterfaceOrientationPortraitUpsideDown UIInterfaceOrientationLandscapeLeft UIInterfaceOrientationLandscapeRight";
				INFOPLIST_KEY_UISupportedInterfaceOrientations_iPhone = "UIInterfaceOrientationPortrait UIInterfaceOrientationLandscapeLeft UIInterfaceOrientationLandscapeRight";
				LD_RUNPATH_SEARCH_PATHS = (
					"$(inherited)",
					"@executable_path/Frameworks",
				);
				MARKETING_VERSION = 1.0;
				PRODUCT_BUNDLE_IDENTIFIER = UHWO.HackwichToo;
				PRODUCT_NAME = "$(TARGET_NAME)";
				SWIFT_EMIT_LOC_STRINGS = YES;
				SWIFT_VERSION = 5.0;
				TARGETED_DEVICE_FAMILY = "1,2";
			};
			name = Debug;
		};
		8DDC591F27B2F803003EA2DD /* Release */ = {
			isa = XCBuildConfiguration;
			buildSettings = {
				ASSETCATALOG_COMPILER_APPICON_NAME = AppIcon;
				ASSETCATALOG_COMPILER_GLOBAL_ACCENT_COLOR_NAME = AccentColor;
				CODE_SIGN_STYLE = Automatic;
				CURRENT_PROJECT_VERSION = 1;
				DEVELOPMENT_TEAM = WDPH94QX78;
				GENERATE_INFOPLIST_FILE = YES;
				INFOPLIST_FILE = HackwichToo/Info.plist;
				INFOPLIST_KEY_UIApplicationSupportsIndirectInputEvents = YES;
				INFOPLIST_KEY_UILaunchStoryboardName = LaunchScreen;
				INFOPLIST_KEY_UIMainStoryboardFile = Main;
				INFOPLIST_KEY_UISupportedInterfaceOrientations_iPad = "UIInterfaceOrientationPortrait UIInterfaceOrientationPortraitUpsideDown UIInterfaceOrientationLandscapeLeft UIInterfaceOrientationLandscapeRight";
				INFOPLIST_KEY_UISupportedInterfaceOrientations_iPhone = "UIInterfaceOrientationPortrait UIInterfaceOrientationLandscapeLeft UIInterfaceOrientationLandscapeRight";
				LD_RUNPATH_SEARCH_PATHS = (
					"$(inherited)",
					"@executable_path/Frameworks",
				);
				MARKETING_VERSION = 1.0;
				PRODUCT_BUNDLE_IDENTIFIER = UHWO.HackwichToo;
				PRODUCT_NAME = "$(TARGET_NAME)";
				SWIFT_EMIT_LOC_STRINGS = YES;
				SWIFT_VERSION = 5.0;
				TARGETED_DEVICE_FAMILY = "1,2";
			};
			name = Release;
		};
		8DDC592127B2F803003EA2DD /* Debug */ = {
			isa = XCBuildConfiguration;
			buildSettings = {
				ALWAYS_EMBED_SWIFT_STANDARD_LIBRARIES = YES;
				BUNDLE_LOADER = "$(TEST_HOST)";
				CODE_SIGN_STYLE = Automatic;
				CURRENT_PROJECT_VERSION = 1;
				DEVELOPMENT_TEAM = WDPH94QX78;
				GENERATE_INFOPLIST_FILE = YES;
				IPHONEOS_DEPLOYMENT_TARGET = 15.2;
				MARKETING_VERSION = 1.0;
				PRODUCT_BUNDLE_IDENTIFIER = UHWO.HackwichTooTests;
				PRODUCT_NAME = "$(TARGET_NAME)";
				SWIFT_EMIT_LOC_STRINGS = NO;
				SWIFT_VERSION = 5.0;
				TARGETED_DEVICE_FAMILY = "1,2";
				TEST_HOST = "$(BUILT_PRODUCTS_DIR)/HackwichToo.app/HackwichToo";
			};
			name = Debug;
		};
		8DDC592227B2F803003EA2DD /* Release */ = {
			isa = XCBuildConfiguration;
			buildSettings = {
				ALWAYS_EMBED_SWIFT_STANDARD_LIBRARIES = YES;
				BUNDLE_LOADER = "$(TEST_HOST)";
				CODE_SIGN_STYLE = Automatic;
				CURRENT_PROJECT_VERSION = 1;
				DEVELOPMENT_TEAM = WDPH94QX78;
				GENERATE_INFOPLIST_FILE = YES;
				IPHONEOS_DEPLOYMENT_TARGET = 15.2;
				MARKETING_VERSION = 1.0;
				PRODUCT_BUNDLE_IDENTIFIER = UHWO.HackwichTooTests;
				PRODUCT_NAME = "$(TARGET_NAME)";
				SWIFT_EMIT_LOC_STRINGS = NO;
				SWIFT_VERSION = 5.0;
				TARGETED_DEVICE_FAMILY = "1,2";
				TEST_HOST = "$(BUILT_PRODUCTS_DIR)/HackwichToo.app/HackwichToo";
			};
			name = Release;
		};
		8DDC592427B2F803003EA2DD /* Debug */ = {
			isa = XCBuildConfiguration;
			buildSettings = {
				ALWAYS_EMBED_SWIFT_STANDARD_LIBRARIES = YES;
				CODE_SIGN_STYLE = Automatic;
				CURRENT_PROJECT_VERSION = 1;
				DEVELOPMENT_TEAM = WDPH94QX78;
				GENERATE_INFOPLIST_FILE = YES;
				MARKETING_VERSION = 1.0;
				PRODUCT_BUNDLE_IDENTIFIER = UHWO.HackwichTooUITests;
				PRODUCT_NAME = "$(TARGET_NAME)";
				SWIFT_EMIT_LOC_STRINGS = NO;
				SWIFT_VERSION = 5.0;
				TARGETED_DEVICE_FAMILY = "1,2";
				TEST_TARGET_NAME = HackwichToo;
			};
			name = Debug;
		};
		8DDC592527B2F803003EA2DD /* Release */ = {
			isa = XCBuildConfiguration;
			buildSettings = {
				ALWAYS_EMBED_SWIFT_STANDARD_LIBRARIES = YES;
				CODE_SIGN_STYLE = Automatic;
				CURRENT_PROJECT_VERSION = 1;
				DEVELOPMENT_TEAM = WDPH94QX78;
				GENERATE_INFOPLIST_FILE = YES;
				MARKETING_VERSION = 1.0;
				PRODUCT_BUNDLE_IDENTIFIER = UHWO.HackwichTooUITests;
				PRODUCT_NAME = "$(TARGET_NAME)";
				SWIFT_EMIT_LOC_STRINGS = NO;
				SWIFT_VERSION = 5.0;
				TARGETED_DEVICE_FAMILY = "1,2";
				TEST_TARGET_NAME = HackwichToo;
			};
			name = Release;
		};
/* End XCBuildConfiguration section */

/* Begin XCConfigurationList section */
		8DDC58EE27B2F802003EA2DD /* Build configuration list for PBXProject "HackwichToo" */ = {
			isa = XCConfigurationList;
			buildConfigurations = (
				8DDC591B27B2F803003EA2DD /* Debug */,
				8DDC591C27B2F803003EA2DD /* Release */,
			);
			defaultConfigurationIsVisible = 0;
			defaultConfigurationName = Release;
		};
		8DDC591D27B2F803003EA2DD /* Build configuration list for PBXNativeTarget "HackwichToo" */ = {
			isa = XCConfigurationList;
			buildConfigurations = (
				8DDC591E27B2F803003EA2DD /* Debug */,
				8DDC591F27B2F803003EA2DD /* Release */,
			);
			defaultConfigurationIsVisible = 0;
			defaultConfigurationName = Release;
		};
		8DDC592027B2F803003EA2DD /* Build configuration list for PBXNativeTarget "HackwichTooTests" */ = {
			isa = XCConfigurationList;
			buildConfigurations = (
				8DDC592127B2F803003EA2DD /* Debug */,
				8DDC592227B2F803003EA2DD /* Release */,
			);
			defaultConfigurationIsVisible = 0;
			defaultConfigurationName = Release;
		};
		8DDC592327B2F803003EA2DD /* Build configuration list for PBXNativeTarget "HackwichTooUITests" */ = {
			isa = XCConfigurationList;
			buildConfigurations = (
				8DDC592427B2F803003EA2DD /* Debug */,
				8DDC592527B2F803003EA2DD /* Release */,
			);
			defaultConfigurationIsVisible = 0;
			defaultConfigurationName = Release;
		};
/* End XCConfigurationList section */
	};
	rootObject = 8DDC58EB27B2F802003EA2DD /* Project object */;
}
